
Microsoft Visual Studio Solution File, Format Version 12.00
# Visual Studio Version 17
VisualStudioVersion = 17.11.35327.3
MinimumVisualStudioVersion = 10.0.40219.1
Project("{FAE04EC0-301F-11D3-BF4B-00C04F79EFBC}") = "RouteFinder.API", "RouteFinder.API\RouteFinder.API.csproj", "{A12AD809-4538-4BDB-9BF8-1C3BF1AFFDA2}"
EndProject
Global
	GlobalSection(SolutionConfigurationPlatforms) = preSolution
		Debug|Any CPU = Debug|Any CPU
		Release|Any CPU = Release|Any CPU
	EndGlobalSection
	GlobalSection(ProjectConfigurationPlatforms) = postSolution
		{A12AD809-4538-4BDB-9BF8-1C3BF1AFFDA2}.Debug|Any CPU.ActiveCfg = Debug|Any CPU
		{A12AD809-4538-4BDB-9BF8-1C3BF1AFFDA2}.Debug|Any CPU.Build.0 = Debug|Any CPU
		{A12AD809-4538-4BDB-9BF8-1C3BF1AFFDA2}.Release|Any CPU.ActiveCfg = Release|Any CPU
		{A12AD809-4538-4BDB-9BF8-1C3BF1AFFDA2}.Release|Any CPU.Build.0 = Release|Any CPU
	EndGlobalSection
	GlobalSection(SolutionProperties) = preSolution
		HideSolutionNode = FALSE
	EndGlobalSection
	GlobalSection(ExtensibilityGlobals) = postSolution
		SolutionGuid = {DF48F569-4302-43EB-8775-D16CA8203B20}
	EndGlobalSection
EndGlobal
